
Microsoft Visual Studio Solution File, Format Version 12.00
# Visual Studio Version 16
VisualStudioVersion = 16.0.32002.261
MinimumVisualStudioVersion = 10.0.40219.1
Project("{FAE04EC0-301F-11D3-BF4B-00C04F79EFBC}") = "gitHubTest", "gitHubTest\gitHubTest.csproj", "{DD33047D-7338-41BF-8D48-311C20F9F63B}"
EndProject
Global
	GlobalSection(SolutionConfigurationPlatforms) = preSolution
		Debug|Any CPU = Debug|Any CPU
		Release|Any CPU = Release|Any CPU
	EndGlobalSection
	GlobalSection(ProjectConfigurationPlatforms) = postSolution
		{DD33047D-7338-41BF-8D48-311C20F9F63B}.Debug|Any CPU.ActiveCfg = Debug|Any CPU
		{DD33047D-7338-41BF-8D48-311C20F9F63B}.Debug|Any CPU.Build.0 = Debug|Any CPU
		{DD33047D-7338-41BF-8D48-311C20F9F63B}.Release|Any CPU.ActiveCfg = Release|Any CPU
		{DD33047D-7338-41BF-8D48-311C20F9F63B}.Release|Any CPU.Build.0 = Release|Any CPU
	EndGlobalSection
	GlobalSection(SolutionProperties) = preSolution
		HideSolutionNode = FALSE
	EndGlobalSection
	GlobalSection(ExtensibilityGlobals) = postSolution
		SolutionGuid = {DEDB3A93-AF94-4098-A8D7-AC6A08A7254A}
	EndGlobalSection
EndGlobal
